{
  "version": 4,
  "terraform_version": "0.14.5",
  "serial": 56,
  "lineage": "ac534d72-3ebe-60ad-672b-857f04169d95",
  "outputs": {
    "JumpboxIP": {
      "value": "3.84.135.10",
      "type": "string"
    },
    "SRE_DC01-IP": {
      "value": "10.0.0.37",
      "type": "string"
    },
    "SRE_DC01-Password": {
      "value": "4lAqO!W3Zq@l29WcTYXj@T2WHbY?Q4GE",
      "type": "string",
      "sensitive": true
    },
    "SRE_DC02-IP": {
      "value": "10.0.0.71",
      "type": "string"
    },
    "SRE_DC02-Password": {
      "value": "XcGt?Xy?EzHY(D%*BmVw.94xGrcXMW9w",
      "type": "string",
      "sensitive": true
    }
  },
  "resources": [
    {
      "mode": "data",
      "type": "template_file",
      "name": "initial_script1",
      "provider": "provider[\"registry.terraform.io/hashicorp/template\"]",
      "instances": [
        {
          "schema_version": 0,
          "attributes": {
            "filename": null,
            "id": "cb5d40a58b4cccdf8b11c1071e8b5d1ad9f83f22c25e0a7bf2a504dea687dee5",
            "rendered": "  \u003cpowershell\u003e    \r\n  Rename-Computer SRE-DC01 -Restart;\r\n  \u003c/powershell\u003e\r\n",
            "template": "  \u003cpowershell\u003e    \r\n  Rename-Computer ${server_name} -Restart;\r\n  \u003c/powershell\u003e\r\n",
            "vars": {
              "server_name": "SRE-DC01"
            }
          },
          "sensitive_attributes": []
        }
      ]
    },
    {
      "mode": "data",
      "type": "template_file",
      "name": "initial_script2",
      "provider": "provider[\"registry.terraform.io/hashicorp/template\"]",
      "instances": [
        {
          "schema_version": 0,
          "attributes": {
            "filename": null,
            "id": "56093a40d6a5e2c789c1806681db6ca93b0f9970824b25e1917436c70b4f017c",
            "rendered": "  \u003cpowershell\u003e\r\n  Rename-Computer SRE-DC02 -Restart;\r\n  \u003c/powershell\u003e\r\n",
            "template": "  \u003cpowershell\u003e\r\n  Rename-Computer ${server_name} -Restart;\r\n  \u003c/powershell\u003e\r\n",
            "vars": {
              "server_name": "SRE-DC02"
            }
          },
          "sensitive_attributes": []
        }
      ]
    },
    {
      "mode": "managed",
      "type": "aws_eip",
      "name": "NAT_GW_IP",
      "provider": "provider[\"registry.terraform.io/hashicorp/aws\"]",
      "instances": [
        {
          "schema_version": 0,
          "attributes": {
            "allocation_id": null,
            "associate_with_private_ip": null,
            "association_id": "",
            "carrier_ip": "",
            "customer_owned_ip": "",
            "customer_owned_ipv4_pool": "",
            "domain": "vpc",
            "id": "eipalloc-0f24fbf72ddef9ae7",
            "instance": "",
            "network_border_group": "us-east-1",
            "network_interface": "",
            "private_dns": null,
            "private_ip": "",
            "public_dns": "ec2-23-22-27-224.compute-1.amazonaws.com",
            "public_ip": "23.22.27.224",
            "public_ipv4_pool": "amazon",
            "tags": {
              "Name": "SRE_NAT_GW_EIP",
              "Owner": "JOAS-1",
              "Team": "SRE"
            },
            "timeouts": null,
            "vpc": true
          },
          "sensitive_attributes": [],
          "private": "eyJlMmJmYjczMC1lY2FhLTExZTYtOGY4OC0zNDM2M2JjN2M0YzAiOnsiZGVsZXRlIjoxODAwMDAwMDAwMDAsInJlYWQiOjkwMDAwMDAwMDAwMCwidXBkYXRlIjozMDAwMDAwMDAwMDB9fQ=="
        }
      ]
    },
    {
      "mode": "managed",
      "type": "aws_instance",
      "name": "Jumpbox_SRE",
      "provider": "provider[\"registry.terraform.io/hashicorp/aws\"]",
      "instances": [
        {
          "schema_version": 1,
          "attributes": {
            "ami": "ami-096fda3c22c1c990a",
            "arn": "arn:aws:ec2:us-east-1:613885134324:instance/i-079b2aee1106f7df6",
            "associate_public_ip_address": true,
            "availability_zone": "us-east-1d",
            "cpu_core_count": 1,
            "cpu_threads_per_core": 1,
            "credit_specification": [
              {
                "cpu_credits": "standard"
              }
            ],
            "disable_api_termination": false,
            "ebs_block_device": [],
            "ebs_optimized": false,
            "enclave_options": [
              {
                "enabled": false
              }
            ],
            "ephemeral_block_device": [],
            "get_password_data": false,
            "hibernation": false,
            "host_id": null,
            "iam_instance_profile": "",
            "id": "i-079b2aee1106f7df6",
            "instance_initiated_shutdown_behavior": null,
            "instance_state": "running",
            "instance_type": "t2.micro",
            "ipv6_address_count": 0,
            "ipv6_addresses": [],
            "key_name": "JOAS",
            "metadata_options": [
              {
                "http_endpoint": "enabled",
                "http_put_response_hop_limit": 1,
                "http_tokens": "optional"
              }
            ],
            "monitoring": false,
            "network_interface": [
              {
                "delete_on_termination": false,
                "device_index": 0,
                "network_interface_id": "eni-06039cc1772194727"
              }
            ],
            "outpost_arn": "",
            "password_data": "",
            "placement_group": "",
            "primary_network_interface_id": "eni-06039cc1772194727",
            "private_dns": "ip-10-0-0-19.pericogallochivo.lab",
            "private_ip": "10.0.0.19",
            "public_dns": "",
            "public_ip": "3.84.135.10",
            "root_block_device": [
              {
                "delete_on_termination": true,
                "device_name": "/dev/sda1",
                "encrypted": false,
                "iops": 100,
                "kms_key_id": "",
                "tags": {},
                "throughput": 0,
                "volume_id": "vol-0eb5e4f17b2001420",
                "volume_size": 10,
                "volume_type": "gp2"
              }
            ],
            "secondary_private_ips": [],
            "security_groups": [],
            "source_dest_check": true,
            "subnet_id": "subnet-036b0ec90cd03e935",
            "tags": {
              "Name": "Jumpbox_SRE",
              "Owner": "JOAS-1",
              "Team": "SRE"
            },
            "tenancy": "default",
            "timeouts": null,
            "user_data": null,
            "user_data_base64": null,
            "volume_tags": null,
            "vpc_security_group_ids": [
              "sg-0346fa628e090d826"
            ]
          },
          "sensitive_attributes": [],
          "private": "eyJlMmJmYjczMC1lY2FhLTExZTYtOGY4OC0zNDM2M2JjN2M0YzAiOnsiY3JlYXRlIjo2MDAwMDAwMDAwMDAsImRlbGV0ZSI6MTIwMDAwMDAwMDAwMCwidXBkYXRlIjo2MDAwMDAwMDAwMDB9LCJzY2hlbWFfdmVyc2lvbiI6IjEifQ==",
          "dependencies": [
            "aws_key_pair.TheGoodStuff",
            "aws_network_interface.Jumpbox_SRE",
            "aws_security_group.Jumpbox_SG",
            "aws_subnet.Public_SRE_Subnet",
            "aws_vpc.SRE_VPC"
          ]
        }
      ]
    },
    {
      "mode": "managed",
      "type": "aws_instance",
      "name": "SRE_DC01",
      "provider": "provider[\"registry.terraform.io/hashicorp/aws\"]",
      "instances": [
        {
          "schema_version": 1,
          "attributes": {
            "ami": "ami-02642c139a9dfb378",
            "arn": "arn:aws:ec2:us-east-1:613885134324:instance/i-0658d253fb9f3f493",
            "associate_public_ip_address": false,
            "availability_zone": "us-east-1f",
            "cpu_core_count": 1,
            "cpu_threads_per_core": 1,
            "credit_specification": [
              {
                "cpu_credits": "standard"
              }
            ],
            "disable_api_termination": false,
            "ebs_block_device": [],
            "ebs_optimized": false,
            "enclave_options": [
              {
                "enabled": false
              }
            ],
            "ephemeral_block_device": [],
            "get_password_data": true,
            "hibernation": false,
            "host_id": null,
            "iam_instance_profile": "",
            "id": "i-0658d253fb9f3f493",
            "instance_initiated_shutdown_behavior": null,
            "instance_state": "running",
            "instance_type": "t2.micro",
            "ipv6_address_count": 0,
            "ipv6_addresses": [],
            "key_name": "JOAS",
            "metadata_options": [
              {
                "http_endpoint": "enabled",
                "http_put_response_hop_limit": 1,
                "http_tokens": "optional"
              }
            ],
            "monitoring": false,
            "network_interface": [
              {
                "delete_on_termination": false,
                "device_index": 0,
                "network_interface_id": "eni-0cdcc2ccaee1524e8"
              }
            ],
            "outpost_arn": "",
            "password_data": "kRdF0zbC1PdcMb4vdEzqYN/gq7O7pa1/GQM/1cfrYzJ866kNlqKcN/kH/BlLedxtDAnFpLwBl3Zz2iSEhYecZwBZjX7/Mfn8Rat9Z1bbSQ6PSiK35IcCmXtHF8xkKJ3OJF/+HrmyhsV55dlOthQOZ2i+a71ZI00v84Fy8XV70xufS8ITwFlRTpA5ArITpRxyEEjOf/fscEH3cD2WAptaG0pbDT0sJyouGI/kTfhppIonafCUWp+fiUaJewwNGuzSlkuRtC8vixVt/f1gZPP1PihjIBYAOxwmZ5u+NZIuxdECyHtx02uxJZ+RCsMVFwwge9uJVkSlmj3mZLZ9FkYBEg==",
            "placement_group": "",
            "primary_network_interface_id": "eni-0cdcc2ccaee1524e8",
            "private_dns": "ip-10-0-0-37.pericogallochivo.lab",
            "private_ip": "10.0.0.37",
            "public_dns": "",
            "public_ip": "",
            "root_block_device": [
              {
                "delete_on_termination": true,
                "device_name": "/dev/sda1",
                "encrypted": false,
                "iops": 100,
                "kms_key_id": "",
                "tags": {},
                "throughput": 0,
                "volume_id": "vol-033437dcce2fda44f",
                "volume_size": 30,
                "volume_type": "gp2"
              }
            ],
            "secondary_private_ips": [],
            "security_groups": [],
            "source_dest_check": true,
            "subnet_id": "subnet-05caf15f0e5f903a9",
            "tags": {
              "Name": "SRE-DC01",
              "Owner": "JOAS-1",
              "Team": "SRE"
            },
            "tenancy": "default",
            "timeouts": null,
            "user_data": "c39a5c62ff91e4753c25fd28a3bba670ab46ac81",
            "user_data_base64": null,
            "volume_tags": null,
            "vpc_security_group_ids": [
              "sg-0cfcf9d175827b9a9"
            ]
          },
          "sensitive_attributes": [],
          "private": "eyJlMmJmYjczMC1lY2FhLTExZTYtOGY4OC0zNDM2M2JjN2M0YzAiOnsiY3JlYXRlIjo2MDAwMDAwMDAwMDAsImRlbGV0ZSI6MTIwMDAwMDAwMDAwMCwidXBkYXRlIjo2MDAwMDAwMDAwMDB9LCJzY2hlbWFfdmVyc2lvbiI6IjEifQ==",
          "dependencies": [
            "aws_key_pair.TheGoodStuff",
            "aws_network_interface.SRE_DC01",
            "aws_security_group.DC_SG",
            "aws_security_group.Jumpbox_SG",
            "aws_subnet.Private_SRE_Subnet_01",
            "aws_vpc.SRE_VPC",
            "data.template_file.initial_script1"
          ]
        }
      ]
    },
    {
      "mode": "managed",
      "type": "aws_instance",
      "name": "SRE_DC02",
      "provider": "provider[\"registry.terraform.io/hashicorp/aws\"]",
      "instances": [
        {
          "schema_version": 1,
          "attributes": {
            "ami": "ami-02642c139a9dfb378",
            "arn": "arn:aws:ec2:us-east-1:613885134324:instance/i-0d146be1e5c022fe8",
            "associate_public_ip_address": false,
            "availability_zone": "us-east-1e",
            "cpu_core_count": 1,
            "cpu_threads_per_core": 1,
            "credit_specification": [
              {
                "cpu_credits": "standard"
              }
            ],
            "disable_api_termination": false,
            "ebs_block_device": [],
            "ebs_optimized": false,
            "enclave_options": [
              {
                "enabled": false
              }
            ],
            "ephemeral_block_device": [],
            "get_password_data": true,
            "hibernation": false,
            "host_id": null,
            "iam_instance_profile": "",
            "id": "i-0d146be1e5c022fe8",
            "instance_initiated_shutdown_behavior": null,
            "instance_state": "running",
            "instance_type": "t2.micro",
            "ipv6_address_count": 0,
            "ipv6_addresses": [],
            "key_name": "JOAS",
            "metadata_options": [
              {
                "http_endpoint": "enabled",
                "http_put_response_hop_limit": 1,
                "http_tokens": "optional"
              }
            ],
            "monitoring": false,
            "network_interface": [
              {
                "delete_on_termination": false,
                "device_index": 0,
                "network_interface_id": "eni-0d8263a9425741618"
              }
            ],
            "outpost_arn": "",
            "password_data": "fpSpMaKQ7DQY+twe1vbUCn5lwQgAHKU/B/A2/WL/jhooKiBVDU+m8j6EWYGEOV2uIVKw1z4gfwvC1SCc0Mz//tHMw2nb3QnfsVV7BcPfRz7vLno+yCJ/UmIlTkwXW6h/WcrX7awVDNR7vp6Usj4QQzXWuuPhDZj7/wVCXqKqNhINJ77otBvZnYOStuso7Lx6GcEKLHwOTPTOVLjldjoWqvs6jejZKSGiti1bHm70Qh+vlXEqFIy26pgCOLDUSTX+TrC2xqPXL6U2p1cgv5s3YFwFnYLvlHnbTTK55tkZ4e9kBISuk6SMGP09CfPMeOB/JtjO1ZdmxtoyuDfhggBXAA==",
            "placement_group": "",
            "primary_network_interface_id": "eni-0d8263a9425741618",
            "private_dns": "ip-10-0-0-71.pericogallochivo.lab",
            "private_ip": "10.0.0.71",
            "public_dns": "",
            "public_ip": "",
            "root_block_device": [
              {
                "delete_on_termination": true,
                "device_name": "/dev/sda1",
                "encrypted": false,
                "iops": 100,
                "kms_key_id": "",
                "tags": {},
                "throughput": 0,
                "volume_id": "vol-048fe62300226874f",
                "volume_size": 30,
                "volume_type": "gp2"
              }
            ],
            "secondary_private_ips": [],
            "security_groups": [],
            "source_dest_check": true,
            "subnet_id": "subnet-021e92b05a331ef5e",
            "tags": {
              "Name": "SRE-DC02",
              "Owner": "JOAS-1",
              "Team": "SRE"
            },
            "tenancy": "default",
            "timeouts": null,
            "user_data": "e58b5c07436fc29c5049f75238ae23e8743729bd",
            "user_data_base64": null,
            "volume_tags": null,
            "vpc_security_group_ids": [
              "sg-0cfcf9d175827b9a9"
            ]
          },
          "sensitive_attributes": [],
          "private": "eyJlMmJmYjczMC1lY2FhLTExZTYtOGY4OC0zNDM2M2JjN2M0YzAiOnsiY3JlYXRlIjo2MDAwMDAwMDAwMDAsImRlbGV0ZSI6MTIwMDAwMDAwMDAwMCwidXBkYXRlIjo2MDAwMDAwMDAwMDB9LCJzY2hlbWFfdmVyc2lvbiI6IjEifQ==",
          "dependencies": [
            "aws_key_pair.TheGoodStuff",
            "aws_network_interface.SRE_DC02",
            "aws_security_group.DC_SG",
            "aws_security_group.Jumpbox_SG",
            "aws_subnet.Private_SRE_Subnet_02",
            "aws_vpc.SRE_VPC",
            "data.template_file.initial_script2"
          ]
        }
      ]
    },
    {
      "mode": "managed",
      "type": "aws_internet_gateway",
      "name": "SRE_IGW",
      "provider": "provider[\"registry.terraform.io/hashicorp/aws\"]",
      "instances": [
        {
          "schema_version": 0,
          "attributes": {
            "arn": "arn:aws:ec2:us-east-1:613885134324:internet-gateway/igw-05026bf5185326487",
            "id": "igw-05026bf5185326487",
            "owner_id": "613885134324",
            "tags": {
              "Name": "SRE_IGW",
              "Owner": "JOAS-1",
              "Team": "SRE"
            },
            "vpc_id": "vpc-0d488122ae65e4951"
          },
          "sensitive_attributes": [],
          "private": "bnVsbA==",
          "dependencies": [
            "aws_vpc.SRE_VPC"
          ]
        }
      ]
    },
    {
      "mode": "managed",
      "type": "aws_key_pair",
      "name": "TheGoodStuff",
      "provider": "provider[\"registry.terraform.io/hashicorp/aws\"]",
      "instances": [
        {
          "schema_version": 1,
          "attributes": {
            "arn": "arn:aws:ec2:us-east-1:613885134324:key-pair/JOAS",
            "fingerprint": "89:4b:f4:06:cd:83:84:03:5a:76:81:52:42:30:da:a3",
            "id": "JOAS",
            "key_name": "JOAS",
            "key_name_prefix": null,
            "key_pair_id": "key-019d14fc4966ef876",
            "public_key": "ssh-rsa AAAAB3NzaC1yc2EAAAADAQABAAABAQC6acZ6T5wU/T5c8Nce9+Nzz2BfYjn+AfTXAWNVekBdR4lrcR+EjKvkemn4ls2dbJduaFveg7PGzTSzmbEcaPqQedgbb2JxVnQNs2SgOcVoNdcD1Uz5Tkmb613ze71gMhIT9bgChE7QbxSkDA/+QX96qAaoL3Ie5weLxkrg01/dK0hjFjeGw1PIiEwsw/UbkvwE3UPn/wTu0mUeSDw6pKqYqykY2Uwgvs1ejx1qFSLb0ofFPkvHYQtATpuvlsVjMM/qP+fBJNjJbUDgsKo4UEpVBfZ3hdU3yh4odNTsXdJ7bYfeP4f2p95Vqg1wTEySemwFjkNl/acGvZkL9h/asy+h",
            "tags": {
              "Name": "JOAS",
              "Owner": "JOAS-1",
              "Team": "SRE"
            }
          },
          "sensitive_attributes": [],
          "private": "eyJzY2hlbWFfdmVyc2lvbiI6IjEifQ=="
        }
      ]
    },
    {
      "mode": "managed",
      "type": "aws_main_route_table_association",
      "name": "a",
      "provider": "provider[\"registry.terraform.io/hashicorp/aws\"]",
      "instances": [
        {
          "schema_version": 0,
          "attributes": {
            "id": "rtbassoc-08f3575c667f1434b",
            "original_route_table_id": "rtb-02faa0c36f8745f09",
            "route_table_id": "rtb-060273cac06df4568",
            "vpc_id": "vpc-0d488122ae65e4951"
          },
          "sensitive_attributes": [],
          "private": "bnVsbA==",
          "dependencies": [
            "aws_eip.NAT_GW_IP",
            "aws_nat_gateway.SRE_NAT_GW",
            "aws_route_table.Main_Route_Table",
            "aws_subnet.Public_SRE_Subnet",
            "aws_vpc.SRE_VPC"
          ]
        }
      ]
    },
    {
      "mode": "managed",
      "type": "aws_nat_gateway",
      "name": "SRE_NAT_GW",
      "provider": "provider[\"registry.terraform.io/hashicorp/aws\"]",
      "instances": [
        {
          "schema_version": 0,
          "attributes": {
            "allocation_id": "eipalloc-0f24fbf72ddef9ae7",
            "id": "nat-0b53b6bf00dec6451",
            "network_interface_id": "eni-04c71a73a0ab64454",
            "private_ip": "10.0.0.10",
            "public_ip": "23.22.27.224",
            "subnet_id": "subnet-036b0ec90cd03e935",
            "tags": {
              "Name": "SRE_NAT_GW",
              "Owner": "JOAS-1",
              "Team": "SRE"
            }
          },
          "sensitive_attributes": [],
          "private": "bnVsbA==",
          "dependencies": [
            "aws_eip.NAT_GW_IP",
            "aws_subnet.Public_SRE_Subnet",
            "aws_vpc.SRE_VPC"
          ]
        }
      ]
    },
    {
      "mode": "managed",
      "type": "aws_network_interface",
      "name": "Jumpbox_SRE",
      "provider": "provider[\"registry.terraform.io/hashicorp/aws\"]",
      "instances": [
        {
          "schema_version": 0,
          "attributes": {
            "attachment": [],
            "description": "",
            "id": "eni-06039cc1772194727",
            "ipv6_address_count": 0,
            "ipv6_addresses": [],
            "mac_address": "0a:74:69:f2:28:25",
            "outpost_arn": "",
            "private_dns_name": "",
            "private_ip": "10.0.0.19",
            "private_ips": [
              "10.0.0.19"
            ],
            "private_ips_count": 0,
            "security_groups": [
              "sg-0346fa628e090d826"
            ],
            "source_dest_check": true,
            "subnet_id": "subnet-036b0ec90cd03e935",
            "tags": {
              "Name": "Jumpbox_SRE_NIC",
              "Owner": "JOAS-1",
              "Team": "SRE"
            }
          },
          "sensitive_attributes": [],
          "private": "bnVsbA==",
          "dependencies": [
            "aws_security_group.Jumpbox_SG",
            "aws_subnet.Public_SRE_Subnet",
            "aws_vpc.SRE_VPC"
          ]
        }
      ]
    },
    {
      "mode": "managed",
      "type": "aws_network_interface",
      "name": "SRE_DC01",
      "provider": "provider[\"registry.terraform.io/hashicorp/aws\"]",
      "instances": [
        {
          "schema_version": 0,
          "attributes": {
            "attachment": [],
            "description": "",
            "id": "eni-0cdcc2ccaee1524e8",
            "ipv6_address_count": 0,
            "ipv6_addresses": [],
            "mac_address": "16:b5:d0:a9:af:d9",
            "outpost_arn": "",
            "private_dns_name": "",
            "private_ip": "10.0.0.37",
            "private_ips": [
              "10.0.0.37"
            ],
            "private_ips_count": 0,
            "security_groups": [
              "sg-0cfcf9d175827b9a9"
            ],
            "source_dest_check": true,
            "subnet_id": "subnet-05caf15f0e5f903a9",
            "tags": {
              "Name": "SRE_DC01_NIC",
              "Owner": "JOAS-1",
              "Team": "SRE"
            }
          },
          "sensitive_attributes": [],
          "private": "bnVsbA==",
          "dependencies": [
            "aws_security_group.DC_SG",
            "aws_security_group.Jumpbox_SG",
            "aws_subnet.Private_SRE_Subnet_01",
            "aws_vpc.SRE_VPC"
          ]
        }
      ]
    },
    {
      "mode": "managed",
      "type": "aws_network_interface",
      "name": "SRE_DC02",
      "provider": "provider[\"registry.terraform.io/hashicorp/aws\"]",
      "instances": [
        {
          "schema_version": 0,
          "attributes": {
            "attachment": [],
            "description": "",
            "id": "eni-0d8263a9425741618",
            "ipv6_address_count": 0,
            "ipv6_addresses": [],
            "mac_address": "06:6d:20:da:cd:c7",
            "outpost_arn": "",
            "private_dns_name": "",
            "private_ip": "10.0.0.71",
            "private_ips": [
              "10.0.0.71"
            ],
            "private_ips_count": 0,
            "security_groups": [
              "sg-0cfcf9d175827b9a9"
            ],
            "source_dest_check": true,
            "subnet_id": "subnet-021e92b05a331ef5e",
            "tags": {
              "Name": "SRE_DC02_NIC",
              "Owner": "JOAS-1",
              "Team": "SRE"
            }
          },
          "sensitive_attributes": [],
          "private": "bnVsbA==",
          "dependencies": [
            "aws_security_group.DC_SG",
            "aws_security_group.Jumpbox_SG",
            "aws_subnet.Private_SRE_Subnet_02",
            "aws_vpc.SRE_VPC"
          ]
        }
      ]
    },
    {
      "mode": "managed",
      "type": "aws_route_table",
      "name": "Main_Route_Table",
      "provider": "provider[\"registry.terraform.io/hashicorp/aws\"]",
      "instances": [
        {
          "schema_version": 0,
          "attributes": {
            "id": "rtb-060273cac06df4568",
            "owner_id": "613885134324",
            "propagating_vgws": [],
            "route": [
              {
                "cidr_block": "0.0.0.0/0",
                "egress_only_gateway_id": "",
                "gateway_id": "",
                "instance_id": "",
                "ipv6_cidr_block": "",
                "local_gateway_id": "",
                "nat_gateway_id": "nat-0b53b6bf00dec6451",
                "network_interface_id": "",
                "transit_gateway_id": "",
                "vpc_endpoint_id": "",
                "vpc_peering_connection_id": ""
              }
            ],
            "tags": {
              "Name": "Main Route Table",
              "Owner": "JOAS-1",
              "Team": "SRE"
            },
            "vpc_id": "vpc-0d488122ae65e4951"
          },
          "sensitive_attributes": [],
          "private": "bnVsbA==",
          "dependencies": [
            "aws_eip.NAT_GW_IP",
            "aws_nat_gateway.SRE_NAT_GW",
            "aws_subnet.Public_SRE_Subnet",
            "aws_vpc.SRE_VPC"
          ]
        }
      ]
    },
    {
      "mode": "managed",
      "type": "aws_route_table",
      "name": "Public_Route_Table",
      "provider": "provider[\"registry.terraform.io/hashicorp/aws\"]",
      "instances": [
        {
          "schema_version": 0,
          "attributes": {
            "id": "rtb-0f8321ead44120c10",
            "owner_id": "613885134324",
            "propagating_vgws": [],
            "route": [
              {
                "cidr_block": "0.0.0.0/0",
                "egress_only_gateway_id": "",
                "gateway_id": "igw-05026bf5185326487",
                "instance_id": "",
                "ipv6_cidr_block": "",
                "local_gateway_id": "",
                "nat_gateway_id": "",
                "network_interface_id": "",
                "transit_gateway_id": "",
                "vpc_endpoint_id": "",
                "vpc_peering_connection_id": ""
              }
            ],
            "tags": {
              "Name": "Public Route Table",
              "Owner": "JOAS-1",
              "Team": "SRE"
            },
            "vpc_id": "vpc-0d488122ae65e4951"
          },
          "sensitive_attributes": [],
          "private": "bnVsbA==",
          "dependencies": [
            "aws_internet_gateway.SRE_IGW",
            "aws_vpc.SRE_VPC"
          ]
        }
      ]
    },
    {
      "mode": "managed",
      "type": "aws_route_table_association",
      "name": "a",
      "provider": "provider[\"registry.terraform.io/hashicorp/aws\"]",
      "instances": [
        {
          "schema_version": 0,
          "attributes": {
            "gateway_id": null,
            "id": "rtbassoc-0d59e8a9ece6fa586",
            "route_table_id": "rtb-0f8321ead44120c10",
            "subnet_id": "subnet-036b0ec90cd03e935"
          },
          "sensitive_attributes": [],
          "private": "bnVsbA==",
          "dependencies": [
            "aws_internet_gateway.SRE_IGW",
            "aws_route_table.Public_Route_Table",
            "aws_subnet.Public_SRE_Subnet",
            "aws_vpc.SRE_VPC"
          ]
        }
      ]
    },
    {
      "mode": "managed",
      "type": "aws_route_table_association",
      "name": "b",
      "provider": "provider[\"registry.terraform.io/hashicorp/aws\"]",
      "instances": [
        {
          "schema_version": 0,
          "attributes": {
            "gateway_id": null,
            "id": "rtbassoc-01c649b8250a4e519",
            "route_table_id": "rtb-060273cac06df4568",
            "subnet_id": "subnet-05caf15f0e5f903a9"
          },
          "sensitive_attributes": [],
          "private": "bnVsbA==",
          "dependencies": [
            "aws_eip.NAT_GW_IP",
            "aws_nat_gateway.SRE_NAT_GW",
            "aws_route_table.Main_Route_Table",
            "aws_subnet.Private_SRE_Subnet_01",
            "aws_subnet.Public_SRE_Subnet",
            "aws_vpc.SRE_VPC"
          ]
        }
      ]
    },
    {
      "mode": "managed",
      "type": "aws_route_table_association",
      "name": "c",
      "provider": "provider[\"registry.terraform.io/hashicorp/aws\"]",
      "instances": [
        {
          "schema_version": 0,
          "attributes": {
            "gateway_id": null,
            "id": "rtbassoc-03d38b056c02848c8",
            "route_table_id": "rtb-060273cac06df4568",
            "subnet_id": "subnet-021e92b05a331ef5e"
          },
          "sensitive_attributes": [],
          "private": "bnVsbA==",
          "dependencies": [
            "aws_eip.NAT_GW_IP",
            "aws_nat_gateway.SRE_NAT_GW",
            "aws_route_table.Main_Route_Table",
            "aws_subnet.Private_SRE_Subnet_02",
            "aws_subnet.Public_SRE_Subnet",
            "aws_vpc.SRE_VPC"
          ]
        }
      ]
    },
    {
      "mode": "managed",
      "type": "aws_route_table_association",
      "name": "d",
      "provider": "provider[\"registry.terraform.io/hashicorp/aws\"]",
      "instances": [
        {
          "schema_version": 0,
          "attributes": {
            "gateway_id": null,
            "id": "rtbassoc-0f8f039d8503be1c8",
            "route_table_id": "rtb-060273cac06df4568",
            "subnet_id": "subnet-041f2dd876915e603"
          },
          "sensitive_attributes": [],
          "private": "bnVsbA==",
          "dependencies": [
            "aws_eip.NAT_GW_IP",
            "aws_nat_gateway.SRE_NAT_GW",
            "aws_route_table.Main_Route_Table",
            "aws_subnet.Private_SRE_Subnet_03",
            "aws_subnet.Public_SRE_Subnet",
            "aws_vpc.SRE_VPC"
          ]
        }
      ]
    },
    {
      "mode": "managed",
      "type": "aws_route_table_association",
      "name": "e",
      "provider": "provider[\"registry.terraform.io/hashicorp/aws\"]",
      "instances": [
        {
          "schema_version": 0,
          "attributes": {
            "gateway_id": null,
            "id": "rtbassoc-0998747f40f1bd534",
            "route_table_id": "rtb-060273cac06df4568",
            "subnet_id": "subnet-0f78acc76cd46bc21"
          },
          "sensitive_attributes": [],
          "private": "bnVsbA==",
          "dependencies": [
            "aws_eip.NAT_GW_IP",
            "aws_nat_gateway.SRE_NAT_GW",
            "aws_route_table.Main_Route_Table",
            "aws_subnet.Private_SRE_Subnet_04",
            "aws_subnet.Public_SRE_Subnet",
            "aws_vpc.SRE_VPC"
          ]
        }
      ]
    },
    {
      "mode": "managed",
      "type": "aws_security_group",
      "name": "DC_SG",
      "provider": "provider[\"registry.terraform.io/hashicorp/aws\"]",
      "instances": [
        {
          "schema_version": 1,
          "attributes": {
            "arn": "arn:aws:ec2:us-east-1:613885134324:security-group/sg-0cfcf9d175827b9a9",
            "description": "Managed by Terraform",
            "egress": [
              {
                "cidr_blocks": [
                  "0.0.0.0/0"
                ],
                "description": "",
                "from_port": 0,
                "ipv6_cidr_blocks": [],
                "prefix_list_ids": [],
                "protocol": "-1",
                "security_groups": [],
                "self": false,
                "to_port": 0
              }
            ],
            "id": "sg-0cfcf9d175827b9a9",
            "ingress": [
              {
                "cidr_blocks": [],
                "description": "RDP",
                "from_port": 3389,
                "ipv6_cidr_blocks": [],
                "prefix_list_ids": [],
                "protocol": "tcp",
                "security_groups": [
                  "sg-0346fa628e090d826"
                ],
                "self": false,
                "to_port": 3389
              }
            ],
            "name": "DC_SG",
            "name_prefix": "",
            "owner_id": "613885134324",
            "revoke_rules_on_delete": false,
            "tags": {
              "Name": "DC_SG",
              "Owner": "JOAS-1",
              "Team": "SRE"
            },
            "timeouts": null,
            "vpc_id": "vpc-0d488122ae65e4951"
          },
          "sensitive_attributes": [],
          "private": "eyJlMmJmYjczMC1lY2FhLTExZTYtOGY4OC0zNDM2M2JjN2M0YzAiOnsiY3JlYXRlIjo2MDAwMDAwMDAwMDAsImRlbGV0ZSI6NjAwMDAwMDAwMDAwfSwic2NoZW1hX3ZlcnNpb24iOiIxIn0=",
          "dependencies": [
            "aws_security_group.Jumpbox_SG",
            "aws_vpc.SRE_VPC"
          ]
        }
      ]
    },
    {
      "mode": "managed",
      "type": "aws_security_group",
      "name": "Jumpbox_SG",
      "provider": "provider[\"registry.terraform.io/hashicorp/aws\"]",
      "instances": [
        {
          "schema_version": 1,
          "attributes": {
            "arn": "arn:aws:ec2:us-east-1:613885134324:security-group/sg-0346fa628e090d826",
            "description": "Managed by Terraform",
            "egress": [
              {
                "cidr_blocks": [
                  "0.0.0.0/0"
                ],
                "description": "",
                "from_port": 0,
                "ipv6_cidr_blocks": [],
                "prefix_list_ids": [],
                "protocol": "-1",
                "security_groups": [],
                "self": false,
                "to_port": 0
              }
            ],
            "id": "sg-0346fa628e090d826",
            "ingress": [
              {
                "cidr_blocks": [
                  "189.186.28.176/32"
                ],
                "description": "SSH",
                "from_port": 22,
                "ipv6_cidr_blocks": [],
                "prefix_list_ids": [],
                "protocol": "tcp",
                "security_groups": [],
                "self": false,
                "to_port": 22
              }
            ],
            "name": "Jumpbox_SG",
            "name_prefix": "",
            "owner_id": "613885134324",
            "revoke_rules_on_delete": false,
            "tags": {
              "Name": "Jumpbox_SG",
              "Owner": "JOAS-1",
              "Team": "SRE"
            },
            "timeouts": null,
            "vpc_id": "vpc-0d488122ae65e4951"
          },
          "sensitive_attributes": [],
          "private": "eyJlMmJmYjczMC1lY2FhLTExZTYtOGY4OC0zNDM2M2JjN2M0YzAiOnsiY3JlYXRlIjo2MDAwMDAwMDAwMDAsImRlbGV0ZSI6NjAwMDAwMDAwMDAwfSwic2NoZW1hX3ZlcnNpb24iOiIxIn0=",
          "dependencies": [
            "aws_vpc.SRE_VPC"
          ]
        }
      ]
    },
    {
      "mode": "managed",
      "type": "aws_security_group_rule",
      "name": "ADDSWeb_TCP",
      "provider": "provider[\"registry.terraform.io/hashicorp/aws\"]",
      "instances": [
        {
          "schema_version": 2,
          "attributes": {
            "cidr_blocks": null,
            "description": "AD DS Web Services SOAP TCP",
            "from_port": 9389,
            "id": "sgrule-2737242618",
            "ipv6_cidr_blocks": null,
            "prefix_list_ids": null,
            "protocol": "tcp",
            "security_group_id": "sg-0cfcf9d175827b9a9",
            "self": false,
            "source_security_group_id": "sg-0cfcf9d175827b9a9",
            "to_port": 9389,
            "type": "ingress"
          },
          "sensitive_attributes": [],
          "private": "eyJzY2hlbWFfdmVyc2lvbiI6IjIifQ==",
          "dependencies": [
            "aws_security_group.DC_SG",
            "aws_security_group.Jumpbox_SG",
            "aws_vpc.SRE_VPC"
          ]
        }
      ]
    },
    {
      "mode": "managed",
      "type": "aws_security_group_rule",
      "name": "DCOM_TCP",
      "provider": "provider[\"registry.terraform.io/hashicorp/aws\"]",
      "instances": [
        {
          "schema_version": 2,
          "attributes": {
            "cidr_blocks": null,
            "description": "RPC, DCOM, EPM, DRSUAPI, NetLogonR, SamR, FRS Windows Server 2003 TCP",
            "from_port": 1025,
            "id": "sgrule-3345908042",
            "ipv6_cidr_blocks": null,
            "prefix_list_ids": null,
            "protocol": "tcp",
            "security_group_id": "sg-0cfcf9d175827b9a9",
            "self": false,
            "source_security_group_id": "sg-0cfcf9d175827b9a9",
            "to_port": 5000,
            "type": "ingress"
          },
          "sensitive_attributes": [],
          "private": "eyJzY2hlbWFfdmVyc2lvbiI6IjIifQ==",
          "dependencies": [
            "aws_security_group.DC_SG",
            "aws_security_group.Jumpbox_SG",
            "aws_vpc.SRE_VPC"
          ]
        }
      ]
    },
    {
      "mode": "managed",
      "type": "aws_security_group_rule",
      "name": "DCOM_UDP",
      "provider": "provider[\"registry.terraform.io/hashicorp/aws\"]",
      "instances": [
        {
          "schema_version": 2,
          "attributes": {
            "cidr_blocks": null,
            "description": "RPC, DCOM, EPM Windows Server 2003 TCP",
            "from_port": 1025,
            "id": "sgrule-1664164517",
            "ipv6_cidr_blocks": null,
            "prefix_list_ids": null,
            "protocol": "udp",
            "security_group_id": "sg-0cfcf9d175827b9a9",
            "self": false,
            "source_security_group_id": "sg-0cfcf9d175827b9a9",
            "to_port": 5000,
            "type": "ingress"
          },
          "sensitive_attributes": [],
          "private": "eyJzY2hlbWFfdmVyc2lvbiI6IjIifQ==",
          "dependencies": [
            "aws_security_group.DC_SG",
            "aws_security_group.Jumpbox_SG",
            "aws_vpc.SRE_VPC"
          ]
        }
      ]
    },
    {
      "mode": "managed",
      "type": "aws_security_group_rule",
      "name": "DFSN_UDP",
      "provider": "provider[\"registry.terraform.io/hashicorp/aws\"]",
      "instances": [
        {
          "schema_version": 2,
          "attributes": {
            "cidr_blocks": null,
            "description": "DFSN, NetLogon, NetBIOS Datagram Service UDP",
            "from_port": 138,
            "id": "sgrule-520405771",
            "ipv6_cidr_blocks": null,
            "prefix_list_ids": null,
            "protocol": "udp",
            "security_group_id": "sg-0cfcf9d175827b9a9",
            "self": false,
            "source_security_group_id": "sg-0cfcf9d175827b9a9",
            "to_port": 138,
            "type": "ingress"
          },
          "sensitive_attributes": [],
          "private": "eyJzY2hlbWFfdmVyc2lvbiI6IjIifQ==",
          "dependencies": [
            "aws_security_group.DC_SG",
            "aws_security_group.Jumpbox_SG",
            "aws_vpc.SRE_VPC"
          ]
        }
      ]
    },
    {
      "mode": "managed",
      "type": "aws_security_group_rule",
      "name": "DFSR_TCP",
      "provider": "provider[\"registry.terraform.io/hashicorp/aws\"]",
      "instances": [
        {
          "schema_version": 2,
          "attributes": {
            "cidr_blocks": null,
            "description": "RPC, DFSR (SYSVOL) TCP",
            "from_port": 5722,
            "id": "sgrule-2842174974",
            "ipv6_cidr_blocks": null,
            "prefix_list_ids": null,
            "protocol": "tcp",
            "security_group_id": "sg-0cfcf9d175827b9a9",
            "self": false,
            "source_security_group_id": "sg-0cfcf9d175827b9a9",
            "to_port": 5722,
            "type": "ingress"
          },
          "sensitive_attributes": [],
          "private": "eyJzY2hlbWFfdmVyc2lvbiI6IjIifQ==",
          "dependencies": [
            "aws_security_group.DC_SG",
            "aws_security_group.Jumpbox_SG",
            "aws_vpc.SRE_VPC"
          ]
        }
      ]
    },
    {
      "mode": "managed",
      "type": "aws_security_group_rule",
      "name": "DHCP_UDP",
      "provider": "provider[\"registry.terraform.io/hashicorp/aws\"]",
      "instances": [
        {
          "schema_version": 2,
          "attributes": {
            "cidr_blocks": null,
            "description": "DHCP, MADCAP UDP",
            "from_port": 67,
            "id": "sgrule-4169093021",
            "ipv6_cidr_blocks": null,
            "prefix_list_ids": null,
            "protocol": "udp",
            "security_group_id": "sg-0cfcf9d175827b9a9",
            "self": false,
            "source_security_group_id": "sg-0cfcf9d175827b9a9",
            "to_port": 67,
            "type": "ingress"
          },
          "sensitive_attributes": [],
          "private": "eyJzY2hlbWFfdmVyc2lvbiI6IjIifQ==",
          "dependencies": [
            "aws_security_group.DC_SG",
            "aws_security_group.Jumpbox_SG",
            "aws_vpc.SRE_VPC"
          ]
        }
      ]
    },
    {
      "mode": "managed",
      "type": "aws_security_group_rule",
      "name": "DNS_TCP",
      "provider": "provider[\"registry.terraform.io/hashicorp/aws\"]",
      "instances": [
        {
          "schema_version": 2,
          "attributes": {
            "cidr_blocks": null,
            "description": "DNS TCP",
            "from_port": 53,
            "id": "sgrule-4126675944",
            "ipv6_cidr_blocks": null,
            "prefix_list_ids": null,
            "protocol": "tcp",
            "security_group_id": "sg-0cfcf9d175827b9a9",
            "self": false,
            "source_security_group_id": "sg-0cfcf9d175827b9a9",
            "to_port": 53,
            "type": "ingress"
          },
          "sensitive_attributes": [],
          "private": "eyJzY2hlbWFfdmVyc2lvbiI6IjIifQ==",
          "dependencies": [
            "aws_security_group.DC_SG",
            "aws_security_group.Jumpbox_SG",
            "aws_vpc.SRE_VPC"
          ]
        }
      ]
    },
    {
      "mode": "managed",
      "type": "aws_security_group_rule",
      "name": "DNS_UDP",
      "provider": "provider[\"registry.terraform.io/hashicorp/aws\"]",
      "instances": [
        {
          "schema_version": 2,
          "attributes": {
            "cidr_blocks": null,
            "description": "DNS UDP",
            "from_port": 53,
            "id": "sgrule-1369944071",
            "ipv6_cidr_blocks": null,
            "prefix_list_ids": null,
            "protocol": "udp",
            "security_group_id": "sg-0cfcf9d175827b9a9",
            "self": false,
            "source_security_group_id": "sg-0cfcf9d175827b9a9",
            "to_port": 53,
            "type": "ingress"
          },
          "sensitive_attributes": [],
          "private": "eyJzY2hlbWFfdmVyc2lvbiI6IjIifQ==",
          "dependencies": [
            "aws_security_group.DC_SG",
            "aws_security_group.Jumpbox_SG",
            "aws_vpc.SRE_VPC"
          ]
        }
      ]
    },
    {
      "mode": "managed",
      "type": "aws_security_group_rule",
      "name": "EPM_TCP",
      "provider": "provider[\"registry.terraform.io/hashicorp/aws\"]",
      "instances": [
        {
          "schema_version": 2,
          "attributes": {
            "cidr_blocks": null,
            "description": "RPC, DCOM, EPM, DRSUAPI, NetLogonR, SamR, FRS Windows Server 2008+ TCP",
            "from_port": 49152,
            "id": "sgrule-1724933819",
            "ipv6_cidr_blocks": null,
            "prefix_list_ids": null,
            "protocol": "tcp",
            "security_group_id": "sg-0cfcf9d175827b9a9",
            "self": false,
            "source_security_group_id": "sg-0cfcf9d175827b9a9",
            "to_port": 65535,
            "type": "ingress"
          },
          "sensitive_attributes": [],
          "private": "eyJzY2hlbWFfdmVyc2lvbiI6IjIifQ==",
          "dependencies": [
            "aws_security_group.DC_SG",
            "aws_security_group.Jumpbox_SG",
            "aws_vpc.SRE_VPC"
          ]
        }
      ]
    },
    {
      "mode": "managed",
      "type": "aws_security_group_rule",
      "name": "EPM_UDP",
      "provider": "provider[\"registry.terraform.io/hashicorp/aws\"]",
      "instances": [
        {
          "schema_version": 2,
          "attributes": {
            "cidr_blocks": null,
            "description": "RPC, DCOM, EPM Windows Server 2008+ TCP",
            "from_port": 49152,
            "id": "sgrule-3264202068",
            "ipv6_cidr_blocks": null,
            "prefix_list_ids": null,
            "protocol": "udp",
            "security_group_id": "sg-0cfcf9d175827b9a9",
            "self": false,
            "source_security_group_id": "sg-0cfcf9d175827b9a9",
            "to_port": 65535,
            "type": "ingress"
          },
          "sensitive_attributes": [],
          "private": "eyJzY2hlbWFfdmVyc2lvbiI6IjIifQ==",
          "dependencies": [
            "aws_security_group.DC_SG",
            "aws_security_group.Jumpbox_SG",
            "aws_vpc.SRE_VPC"
          ]
        }
      ]
    },
    {
      "mode": "managed",
      "type": "aws_security_group_rule",
      "name": "KerberosPassword_TCP",
      "provider": "provider[\"registry.terraform.io/hashicorp/aws\"]",
      "instances": [
        {
          "schema_version": 2,
          "attributes": {
            "cidr_blocks": null,
            "description": "Kerberos change/set password TCP",
            "from_port": 464,
            "id": "sgrule-3609545030",
            "ipv6_cidr_blocks": null,
            "prefix_list_ids": null,
            "protocol": "tcp",
            "security_group_id": "sg-0cfcf9d175827b9a9",
            "self": false,
            "source_security_group_id": "sg-0cfcf9d175827b9a9",
            "to_port": 464,
            "type": "ingress"
          },
          "sensitive_attributes": [],
          "private": "eyJzY2hlbWFfdmVyc2lvbiI6IjIifQ==",
          "dependencies": [
            "aws_security_group.DC_SG",
            "aws_security_group.Jumpbox_SG",
            "aws_vpc.SRE_VPC"
          ]
        }
      ]
    },
    {
      "mode": "managed",
      "type": "aws_security_group_rule",
      "name": "KerberosPassword_UDP",
      "provider": "provider[\"registry.terraform.io/hashicorp/aws\"]",
      "instances": [
        {
          "schema_version": 2,
          "attributes": {
            "cidr_blocks": null,
            "description": "Kerberos change/set password UDP",
            "from_port": 464,
            "id": "sgrule-1937435305",
            "ipv6_cidr_blocks": null,
            "prefix_list_ids": null,
            "protocol": "udp",
            "security_group_id": "sg-0cfcf9d175827b9a9",
            "self": false,
            "source_security_group_id": "sg-0cfcf9d175827b9a9",
            "to_port": 464,
            "type": "ingress"
          },
          "sensitive_attributes": [],
          "private": "eyJzY2hlbWFfdmVyc2lvbiI6IjIifQ==",
          "dependencies": [
            "aws_security_group.DC_SG",
            "aws_security_group.Jumpbox_SG",
            "aws_vpc.SRE_VPC"
          ]
        }
      ]
    },
    {
      "mode": "managed",
      "type": "aws_security_group_rule",
      "name": "Kerberos_TCP",
      "provider": "provider[\"registry.terraform.io/hashicorp/aws\"]",
      "instances": [
        {
          "schema_version": 2,
          "attributes": {
            "cidr_blocks": null,
            "description": "Kerberos TCP",
            "from_port": 88,
            "id": "sgrule-474689265",
            "ipv6_cidr_blocks": null,
            "prefix_list_ids": null,
            "protocol": "tcp",
            "security_group_id": "sg-0cfcf9d175827b9a9",
            "self": false,
            "source_security_group_id": "sg-0cfcf9d175827b9a9",
            "to_port": 88,
            "type": "ingress"
          },
          "sensitive_attributes": [],
          "private": "eyJzY2hlbWFfdmVyc2lvbiI6IjIifQ==",
          "dependencies": [
            "aws_security_group.DC_SG",
            "aws_security_group.Jumpbox_SG",
            "aws_vpc.SRE_VPC"
          ]
        }
      ]
    },
    {
      "mode": "managed",
      "type": "aws_security_group_rule",
      "name": "Kerberos_UDP",
      "provider": "provider[\"registry.terraform.io/hashicorp/aws\"]",
      "instances": [
        {
          "schema_version": 2,
          "attributes": {
            "cidr_blocks": null,
            "description": "Kerberos UDP",
            "from_port": 88,
            "id": "sgrule-3088354590",
            "ipv6_cidr_blocks": null,
            "prefix_list_ids": null,
            "protocol": "udp",
            "security_group_id": "sg-0cfcf9d175827b9a9",
            "self": false,
            "source_security_group_id": "sg-0cfcf9d175827b9a9",
            "to_port": 88,
            "type": "ingress"
          },
          "sensitive_attributes": [],
          "private": "eyJzY2hlbWFfdmVyc2lvbiI6IjIifQ==",
          "dependencies": [
            "aws_security_group.DC_SG",
            "aws_security_group.Jumpbox_SG",
            "aws_vpc.SRE_VPC"
          ]
        }
      ]
    },
    {
      "mode": "managed",
      "type": "aws_security_group_rule",
      "name": "LDAP_GC_SSL_TCP",
      "provider": "provider[\"registry.terraform.io/hashicorp/aws\"]",
      "instances": [
        {
          "schema_version": 2,
          "attributes": {
            "cidr_blocks": null,
            "description": "LDAP GC SSL",
            "from_port": 3269,
            "id": "sgrule-580718144",
            "ipv6_cidr_blocks": null,
            "prefix_list_ids": null,
            "protocol": "tcp",
            "security_group_id": "sg-0cfcf9d175827b9a9",
            "self": false,
            "source_security_group_id": "sg-0cfcf9d175827b9a9",
            "to_port": 3269,
            "type": "ingress"
          },
          "sensitive_attributes": [],
          "private": "eyJzY2hlbWFfdmVyc2lvbiI6IjIifQ==",
          "dependencies": [
            "aws_security_group.DC_SG",
            "aws_security_group.Jumpbox_SG",
            "aws_vpc.SRE_VPC"
          ]
        }
      ]
    },
    {
      "mode": "managed",
      "type": "aws_security_group_rule",
      "name": "LDAP_GC_TCP",
      "provider": "provider[\"registry.terraform.io/hashicorp/aws\"]",
      "instances": [
        {
          "schema_version": 2,
          "attributes": {
            "cidr_blocks": null,
            "description": "LDAP GC",
            "from_port": 3268,
            "id": "sgrule-1610238580",
            "ipv6_cidr_blocks": null,
            "prefix_list_ids": null,
            "protocol": "tcp",
            "security_group_id": "sg-0cfcf9d175827b9a9",
            "self": false,
            "source_security_group_id": "sg-0cfcf9d175827b9a9",
            "to_port": 3268,
            "type": "ingress"
          },
          "sensitive_attributes": [],
          "private": "eyJzY2hlbWFfdmVyc2lvbiI6IjIifQ==",
          "dependencies": [
            "aws_security_group.DC_SG",
            "aws_security_group.Jumpbox_SG",
            "aws_vpc.SRE_VPC"
          ]
        }
      ]
    },
    {
      "mode": "managed",
      "type": "aws_security_group_rule",
      "name": "LDAP_SSL_TCP",
      "provider": "provider[\"registry.terraform.io/hashicorp/aws\"]",
      "instances": [
        {
          "schema_version": 2,
          "attributes": {
            "cidr_blocks": null,
            "description": "LDAP SSL",
            "from_port": 636,
            "id": "sgrule-3928467965",
            "ipv6_cidr_blocks": null,
            "prefix_list_ids": null,
            "protocol": "tcp",
            "security_group_id": "sg-0cfcf9d175827b9a9",
            "self": false,
            "source_security_group_id": "sg-0cfcf9d175827b9a9",
            "to_port": 636,
            "type": "ingress"
          },
          "sensitive_attributes": [],
          "private": "eyJzY2hlbWFfdmVyc2lvbiI6IjIifQ==",
          "dependencies": [
            "aws_security_group.DC_SG",
            "aws_security_group.Jumpbox_SG",
            "aws_vpc.SRE_VPC"
          ]
        }
      ]
    },
    {
      "mode": "managed",
      "type": "aws_security_group_rule",
      "name": "LDAP_TCP",
      "provider": "provider[\"registry.terraform.io/hashicorp/aws\"]",
      "instances": [
        {
          "schema_version": 2,
          "attributes": {
            "cidr_blocks": null,
            "description": "LDAP TCP",
            "from_port": 389,
            "id": "sgrule-2432396702",
            "ipv6_cidr_blocks": null,
            "prefix_list_ids": null,
            "protocol": "tcp",
            "security_group_id": "sg-0cfcf9d175827b9a9",
            "self": false,
            "source_security_group_id": "sg-0cfcf9d175827b9a9",
            "to_port": 389,
            "type": "ingress"
          },
          "sensitive_attributes": [],
          "private": "eyJzY2hlbWFfdmVyc2lvbiI6IjIifQ==",
          "dependencies": [
            "aws_security_group.DC_SG",
            "aws_security_group.Jumpbox_SG",
            "aws_vpc.SRE_VPC"
          ]
        }
      ]
    },
    {
      "mode": "managed",
      "type": "aws_security_group_rule",
      "name": "LDAP_UDP",
      "provider": "provider[\"registry.terraform.io/hashicorp/aws\"]",
      "instances": [
        {
          "schema_version": 2,
          "attributes": {
            "cidr_blocks": null,
            "description": "LDAP UDP",
            "from_port": 389,
            "id": "sgrule-883215985",
            "ipv6_cidr_blocks": null,
            "prefix_list_ids": null,
            "protocol": "udp",
            "security_group_id": "sg-0cfcf9d175827b9a9",
            "self": false,
            "source_security_group_id": "sg-0cfcf9d175827b9a9",
            "to_port": 389,
            "type": "ingress"
          },
          "sensitive_attributes": [],
          "private": "eyJzY2hlbWFfdmVyc2lvbiI6IjIifQ==",
          "dependencies": [
            "aws_security_group.DC_SG",
            "aws_security_group.Jumpbox_SG",
            "aws_vpc.SRE_VPC"
          ]
        }
      ]
    },
    {
      "mode": "managed",
      "type": "aws_security_group_rule",
      "name": "MADCAP_UDP",
      "provider": "provider[\"registry.terraform.io/hashicorp/aws\"]",
      "instances": [
        {
          "schema_version": 2,
          "attributes": {
            "cidr_blocks": null,
            "description": "DHCP, MADCAP UDP",
            "from_port": 2535,
            "id": "sgrule-803881582",
            "ipv6_cidr_blocks": null,
            "prefix_list_ids": null,
            "protocol": "udp",
            "security_group_id": "sg-0cfcf9d175827b9a9",
            "self": false,
            "source_security_group_id": "sg-0cfcf9d175827b9a9",
            "to_port": 2535,
            "type": "ingress"
          },
          "sensitive_attributes": [],
          "private": "eyJzY2hlbWFfdmVyc2lvbiI6IjIifQ==",
          "dependencies": [
            "aws_security_group.DC_SG",
            "aws_security_group.Jumpbox_SG",
            "aws_vpc.SRE_VPC"
          ]
        }
      ]
    },
    {
      "mode": "managed",
      "type": "aws_security_group_rule",
      "name": "NetLogon_TCP",
      "provider": "provider[\"registry.terraform.io/hashicorp/aws\"]",
      "instances": [
        {
          "schema_version": 2,
          "attributes": {
            "cidr_blocks": null,
            "description": "DFSN, NetBIOS Session Service, NetLogon TCP",
            "from_port": 139,
            "id": "sgrule-2171545142",
            "ipv6_cidr_blocks": null,
            "prefix_list_ids": null,
            "protocol": "tcp",
            "security_group_id": "sg-0cfcf9d175827b9a9",
            "self": false,
            "source_security_group_id": "sg-0cfcf9d175827b9a9",
            "to_port": 139,
            "type": "ingress"
          },
          "sensitive_attributes": [],
          "private": "eyJzY2hlbWFfdmVyc2lvbiI6IjIifQ==",
          "dependencies": [
            "aws_security_group.DC_SG",
            "aws_security_group.Jumpbox_SG",
            "aws_vpc.SRE_VPC"
          ]
        }
      ]
    },
    {
      "mode": "managed",
      "type": "aws_security_group_rule",
      "name": "NetLogon_UDP",
      "provider": "provider[\"registry.terraform.io/hashicorp/aws\"]",
      "instances": [
        {
          "schema_version": 2,
          "attributes": {
            "cidr_blocks": null,
            "description": "NetLogon, NetBIOS Name Resolution UDP",
            "from_port": 137,
            "id": "sgrule-3009029092",
            "ipv6_cidr_blocks": null,
            "prefix_list_ids": null,
            "protocol": "udp",
            "security_group_id": "sg-0cfcf9d175827b9a9",
            "self": false,
            "source_security_group_id": "sg-0cfcf9d175827b9a9",
            "to_port": 137,
            "type": "ingress"
          },
          "sensitive_attributes": [],
          "private": "eyJzY2hlbWFfdmVyc2lvbiI6IjIifQ==",
          "dependencies": [
            "aws_security_group.DC_SG",
            "aws_security_group.Jumpbox_SG",
            "aws_vpc.SRE_VPC"
          ]
        }
      ]
    },
    {
      "mode": "managed",
      "type": "aws_security_group_rule",
      "name": "RPC_TCP",
      "provider": "provider[\"registry.terraform.io/hashicorp/aws\"]",
      "instances": [
        {
          "schema_version": 2,
          "attributes": {
            "cidr_blocks": null,
            "description": "RPC, EPM TCP",
            "from_port": 135,
            "id": "sgrule-1668091311",
            "ipv6_cidr_blocks": null,
            "prefix_list_ids": null,
            "protocol": "tcp",
            "security_group_id": "sg-0cfcf9d175827b9a9",
            "self": false,
            "source_security_group_id": "sg-0cfcf9d175827b9a9",
            "to_port": 135,
            "type": "ingress"
          },
          "sensitive_attributes": [],
          "private": "eyJzY2hlbWFfdmVyc2lvbiI6IjIifQ==",
          "dependencies": [
            "aws_security_group.DC_SG",
            "aws_security_group.Jumpbox_SG",
            "aws_vpc.SRE_VPC"
          ]
        }
      ]
    },
    {
      "mode": "managed",
      "type": "aws_security_group_rule",
      "name": "SMB_TCP",
      "provider": "provider[\"registry.terraform.io/hashicorp/aws\"]",
      "instances": [
        {
          "schema_version": 2,
          "attributes": {
            "cidr_blocks": null,
            "description": "SMB,CIFS,SMB2, DFSN, LSARPC, NbtSS, NetLogonR, SamR, SrvSvc TCP",
            "from_port": 445,
            "id": "sgrule-1021182184",
            "ipv6_cidr_blocks": null,
            "prefix_list_ids": null,
            "protocol": "tcp",
            "security_group_id": "sg-0cfcf9d175827b9a9",
            "self": false,
            "source_security_group_id": "sg-0cfcf9d175827b9a9",
            "to_port": 445,
            "type": "ingress"
          },
          "sensitive_attributes": [],
          "private": "eyJzY2hlbWFfdmVyc2lvbiI6IjIifQ==",
          "dependencies": [
            "aws_security_group.DC_SG",
            "aws_security_group.Jumpbox_SG",
            "aws_vpc.SRE_VPC"
          ]
        }
      ]
    },
    {
      "mode": "managed",
      "type": "aws_security_group_rule",
      "name": "SMB_UDP",
      "provider": "provider[\"registry.terraform.io/hashicorp/aws\"]",
      "instances": [
        {
          "schema_version": 2,
          "attributes": {
            "cidr_blocks": null,
            "description": "SMB,CIFS,SMB2, DFSN, LSARPC, NbtSS, NetLogonR, SamR, SrvSvc UDP",
            "from_port": 445,
            "id": "sgrule-2558632711",
            "ipv6_cidr_blocks": null,
            "prefix_list_ids": null,
            "protocol": "udp",
            "security_group_id": "sg-0cfcf9d175827b9a9",
            "self": false,
            "source_security_group_id": "sg-0cfcf9d175827b9a9",
            "to_port": 445,
            "type": "ingress"
          },
          "sensitive_attributes": [],
          "private": "eyJzY2hlbWFfdmVyc2lvbiI6IjIifQ==",
          "dependencies": [
            "aws_security_group.DC_SG",
            "aws_security_group.Jumpbox_SG",
            "aws_vpc.SRE_VPC"
          ]
        }
      ]
    },
    {
      "mode": "managed",
      "type": "aws_security_group_rule",
      "name": "SMTP_TCP",
      "provider": "provider[\"registry.terraform.io/hashicorp/aws\"]",
      "instances": [
        {
          "schema_version": 2,
          "attributes": {
            "cidr_blocks": null,
            "description": "SMTP TCP",
            "from_port": 25,
            "id": "sgrule-2389721387",
            "ipv6_cidr_blocks": null,
            "prefix_list_ids": null,
            "protocol": "tcp",
            "security_group_id": "sg-0cfcf9d175827b9a9",
            "self": false,
            "source_security_group_id": "sg-0cfcf9d175827b9a9",
            "to_port": 25,
            "type": "ingress"
          },
          "sensitive_attributes": [],
          "private": "eyJzY2hlbWFfdmVyc2lvbiI6IjIifQ==",
          "dependencies": [
            "aws_security_group.DC_SG",
            "aws_security_group.Jumpbox_SG",
            "aws_vpc.SRE_VPC"
          ]
        }
      ]
    },
    {
      "mode": "managed",
      "type": "aws_security_group_rule",
      "name": "WindowsTime_UDP",
      "provider": "provider[\"registry.terraform.io/hashicorp/aws\"]",
      "instances": [
        {
          "schema_version": 2,
          "attributes": {
            "cidr_blocks": null,
            "description": "Windows Time UDP",
            "from_port": 123,
            "id": "sgrule-862764818",
            "ipv6_cidr_blocks": null,
            "prefix_list_ids": null,
            "protocol": "udp",
            "security_group_id": "sg-0cfcf9d175827b9a9",
            "self": false,
            "source_security_group_id": "sg-0cfcf9d175827b9a9",
            "to_port": 123,
            "type": "ingress"
          },
          "sensitive_attributes": [],
          "private": "eyJzY2hlbWFfdmVyc2lvbiI6IjIifQ==",
          "dependencies": [
            "aws_security_group.DC_SG",
            "aws_security_group.Jumpbox_SG",
            "aws_vpc.SRE_VPC"
          ]
        }
      ]
    },
    {
      "mode": "managed",
      "type": "aws_subnet",
      "name": "Private_SRE_Subnet_01",
      "provider": "provider[\"registry.terraform.io/hashicorp/aws\"]",
      "instances": [
        {
          "schema_version": 1,
          "attributes": {
            "arn": "arn:aws:ec2:us-east-1:613885134324:subnet/subnet-05caf15f0e5f903a9",
            "assign_ipv6_address_on_creation": false,
            "availability_zone": "us-east-1f",
            "availability_zone_id": "use1-az5",
            "cidr_block": "10.0.0.32/27",
            "customer_owned_ipv4_pool": "",
            "id": "subnet-05caf15f0e5f903a9",
            "ipv6_cidr_block": "",
            "ipv6_cidr_block_association_id": "",
            "map_customer_owned_ip_on_launch": false,
            "map_public_ip_on_launch": false,
            "outpost_arn": "",
            "owner_id": "613885134324",
            "tags": {
              "Name": "Private_SRE_Subnet_01",
              "Owner": "JOAS-1",
              "Team": "SRE"
            },
            "timeouts": null,
            "vpc_id": "vpc-0d488122ae65e4951"
          },
          "sensitive_attributes": [],
          "private": "eyJlMmJmYjczMC1lY2FhLTExZTYtOGY4OC0zNDM2M2JjN2M0YzAiOnsiY3JlYXRlIjo2MDAwMDAwMDAwMDAsImRlbGV0ZSI6MTIwMDAwMDAwMDAwMH0sInNjaGVtYV92ZXJzaW9uIjoiMSJ9",
          "dependencies": [
            "aws_vpc.SRE_VPC"
          ]
        }
      ]
    },
    {
      "mode": "managed",
      "type": "aws_subnet",
      "name": "Private_SRE_Subnet_02",
      "provider": "provider[\"registry.terraform.io/hashicorp/aws\"]",
      "instances": [
        {
          "schema_version": 1,
          "attributes": {
            "arn": "arn:aws:ec2:us-east-1:613885134324:subnet/subnet-021e92b05a331ef5e",
            "assign_ipv6_address_on_creation": false,
            "availability_zone": "us-east-1e",
            "availability_zone_id": "use1-az3",
            "cidr_block": "10.0.0.64/27",
            "customer_owned_ipv4_pool": "",
            "id": "subnet-021e92b05a331ef5e",
            "ipv6_cidr_block": "",
            "ipv6_cidr_block_association_id": "",
            "map_customer_owned_ip_on_launch": false,
            "map_public_ip_on_launch": false,
            "outpost_arn": "",
            "owner_id": "613885134324",
            "tags": {
              "Name": "Private_SRE_Subnet_02",
              "Owner": "JOAS-1",
              "Team": "SRE"
            },
            "timeouts": null,
            "vpc_id": "vpc-0d488122ae65e4951"
          },
          "sensitive_attributes": [],
          "private": "eyJlMmJmYjczMC1lY2FhLTExZTYtOGY4OC0zNDM2M2JjN2M0YzAiOnsiY3JlYXRlIjo2MDAwMDAwMDAwMDAsImRlbGV0ZSI6MTIwMDAwMDAwMDAwMH0sInNjaGVtYV92ZXJzaW9uIjoiMSJ9",
          "dependencies": [
            "aws_vpc.SRE_VPC"
          ]
        }
      ]
    },
    {
      "mode": "managed",
      "type": "aws_subnet",
      "name": "Private_SRE_Subnet_03",
      "provider": "provider[\"registry.terraform.io/hashicorp/aws\"]",
      "instances": [
        {
          "schema_version": 1,
          "attributes": {
            "arn": "arn:aws:ec2:us-east-1:613885134324:subnet/subnet-041f2dd876915e603",
            "assign_ipv6_address_on_creation": false,
            "availability_zone": "us-east-1b",
            "availability_zone_id": "use1-az1",
            "cidr_block": "10.0.0.96/27",
            "customer_owned_ipv4_pool": "",
            "id": "subnet-041f2dd876915e603",
            "ipv6_cidr_block": "",
            "ipv6_cidr_block_association_id": "",
            "map_customer_owned_ip_on_launch": false,
            "map_public_ip_on_launch": false,
            "outpost_arn": "",
            "owner_id": "613885134324",
            "tags": {
              "Name": "Private_SRE_Subnet_03",
              "Owner": "JOAS-1",
              "Team": "SRE"
            },
            "timeouts": null,
            "vpc_id": "vpc-0d488122ae65e4951"
          },
          "sensitive_attributes": [],
          "private": "eyJlMmJmYjczMC1lY2FhLTExZTYtOGY4OC0zNDM2M2JjN2M0YzAiOnsiY3JlYXRlIjo2MDAwMDAwMDAwMDAsImRlbGV0ZSI6MTIwMDAwMDAwMDAwMH0sInNjaGVtYV92ZXJzaW9uIjoiMSJ9",
          "dependencies": [
            "aws_vpc.SRE_VPC"
          ]
        }
      ]
    },
    {
      "mode": "managed",
      "type": "aws_subnet",
      "name": "Private_SRE_Subnet_04",
      "provider": "provider[\"registry.terraform.io/hashicorp/aws\"]",
      "instances": [
        {
          "schema_version": 1,
          "attributes": {
            "arn": "arn:aws:ec2:us-east-1:613885134324:subnet/subnet-0f78acc76cd46bc21",
            "assign_ipv6_address_on_creation": false,
            "availability_zone": "us-east-1b",
            "availability_zone_id": "use1-az1",
            "cidr_block": "10.0.0.128/27",
            "customer_owned_ipv4_pool": "",
            "id": "subnet-0f78acc76cd46bc21",
            "ipv6_cidr_block": "",
            "ipv6_cidr_block_association_id": "",
            "map_customer_owned_ip_on_launch": false,
            "map_public_ip_on_launch": false,
            "outpost_arn": "",
            "owner_id": "613885134324",
            "tags": {
              "Name": "Private_SRE_Subnet_04",
              "Owner": "JOAS-1",
              "Team": "SRE"
            },
            "timeouts": null,
            "vpc_id": "vpc-0d488122ae65e4951"
          },
          "sensitive_attributes": [],
          "private": "eyJlMmJmYjczMC1lY2FhLTExZTYtOGY4OC0zNDM2M2JjN2M0YzAiOnsiY3JlYXRlIjo2MDAwMDAwMDAwMDAsImRlbGV0ZSI6MTIwMDAwMDAwMDAwMH0sInNjaGVtYV92ZXJzaW9uIjoiMSJ9",
          "dependencies": [
            "aws_vpc.SRE_VPC"
          ]
        }
      ]
    },
    {
      "mode": "managed",
      "type": "aws_subnet",
      "name": "Public_SRE_Subnet",
      "provider": "provider[\"registry.terraform.io/hashicorp/aws\"]",
      "instances": [
        {
          "schema_version": 1,
          "attributes": {
            "arn": "arn:aws:ec2:us-east-1:613885134324:subnet/subnet-036b0ec90cd03e935",
            "assign_ipv6_address_on_creation": false,
            "availability_zone": "us-east-1d",
            "availability_zone_id": "use1-az4",
            "cidr_block": "10.0.0.0/27",
            "customer_owned_ipv4_pool": "",
            "id": "subnet-036b0ec90cd03e935",
            "ipv6_cidr_block": "",
            "ipv6_cidr_block_association_id": "",
            "map_customer_owned_ip_on_launch": false,
            "map_public_ip_on_launch": true,
            "outpost_arn": "",
            "owner_id": "613885134324",
            "tags": {
              "Name": "Public_SRE_Subnet",
              "Owner": "JOAS-1",
              "Team": "SRE"
            },
            "timeouts": null,
            "vpc_id": "vpc-0d488122ae65e4951"
          },
          "sensitive_attributes": [],
          "private": "eyJlMmJmYjczMC1lY2FhLTExZTYtOGY4OC0zNDM2M2JjN2M0YzAiOnsiY3JlYXRlIjo2MDAwMDAwMDAwMDAsImRlbGV0ZSI6MTIwMDAwMDAwMDAwMH0sInNjaGVtYV92ZXJzaW9uIjoiMSJ9",
          "dependencies": [
            "aws_vpc.SRE_VPC"
          ]
        }
      ]
    },
    {
      "mode": "managed",
      "type": "aws_vpc",
      "name": "SRE_VPC",
      "provider": "provider[\"registry.terraform.io/hashicorp/aws\"]",
      "instances": [
        {
          "schema_version": 1,
          "attributes": {
            "arn": "arn:aws:ec2:us-east-1:613885134324:vpc/vpc-0d488122ae65e4951",
            "assign_generated_ipv6_cidr_block": false,
            "cidr_block": "10.0.0.0/24",
            "default_network_acl_id": "acl-00005d27d578a94d8",
            "default_route_table_id": "rtb-02faa0c36f8745f09",
            "default_security_group_id": "sg-00c19b6e25b3f11af",
            "dhcp_options_id": "dopt-0ea6a1b908d021fcb",
            "enable_classiclink": false,
            "enable_classiclink_dns_support": false,
            "enable_dns_hostnames": false,
            "enable_dns_support": true,
            "id": "vpc-0d488122ae65e4951",
            "instance_tenancy": "default",
            "ipv6_association_id": "",
            "ipv6_cidr_block": "",
            "main_route_table_id": "rtb-02faa0c36f8745f09",
            "owner_id": "613885134324",
            "tags": {
              "Name": "SRE_VPC",
              "Owner": "JOAS-1",
              "Team": "SRE"
            }
          },
          "sensitive_attributes": [],
          "private": "eyJzY2hlbWFfdmVyc2lvbiI6IjEifQ=="
        }
      ]
    },
    {
      "mode": "managed",
      "type": "aws_vpc_dhcp_options",
      "name": "SRE_DHCP_OPTIONS",
      "provider": "provider[\"registry.terraform.io/hashicorp/aws\"]",
      "instances": [
        {
          "schema_version": 0,
          "attributes": {
            "arn": "arn:aws:ec2:us-east-1:613885134324:dhcp-options/dopt-03c21cc09270e4a7d",
            "domain_name": "pericogallochivo.lab",
            "domain_name_servers": [
              "10.0.0.37",
              "10.0.0.71"
            ],
            "id": "dopt-03c21cc09270e4a7d",
            "netbios_name_servers": [
              "10.0.0.37",
              "10.0.0.71"
            ],
            "netbios_node_type": "2",
            "ntp_servers": [
              "10.0.0.37",
              "10.0.0.71"
            ],
            "owner_id": "613885134324",
            "tags": {
              "Name": "SRE_DHCP_OPTIONS",
              "Owner": "JOAS-1",
              "Team": "SRE"
            }
          },
          "sensitive_attributes": [],
          "private": "bnVsbA=="
        }
      ]
    },
    {
      "mode": "managed",
      "type": "aws_vpc_dhcp_options_association",
      "name": "dns_resolver",
      "provider": "provider[\"registry.terraform.io/hashicorp/aws\"]",
      "instances": [
        {
          "schema_version": 0,
          "attributes": {
            "dhcp_options_id": "dopt-03c21cc09270e4a7d",
            "id": "dopt-03c21cc09270e4a7d-vpc-0d488122ae65e4951",
            "vpc_id": "vpc-0d488122ae65e4951"
          },
          "sensitive_attributes": [],
          "private": "bnVsbA==",
          "dependencies": [
            "aws_vpc.SRE_VPC",
            "aws_vpc_dhcp_options.SRE_DHCP_OPTIONS"
          ]
        }
      ]
    }
  ]
}
